
Microsoft Visual Studio Solution File, Format Version 12.00
# Visual Studio Version 16
VisualStudioVersion = 16.0.30011.22
MinimumVisualStudioVersion = 10.0.40219.1
Project("{9A19103F-16F7-4668-BE54-9A1E7A4F7556}") = "TaskManager.Web", "TaskManager.Web\TaskManager.Web.csproj", "{B1ECA733-9754-4AF4-90C1-6FCD4F271462}"
EndProject
Project("{9A19103F-16F7-4668-BE54-9A1E7A4F7556}") = "TaskManager.Domain", "TaskManager.Domain\TaskManager.Domain.csproj", "{DAF9129B-9B5E-4D21-84C1-CF18A8E7F6C0}"
EndProject
Project("{9A19103F-16F7-4668-BE54-9A1E7A4F7556}") = "TaskManager.Data", "TaskManager.Data\TaskManager.Data.csproj", "{1A25C040-3DFF-4AA0-BD8F-19D78CFCE000}"
EndProject
Global
	GlobalSection(SolutionConfigurationPlatforms) = preSolution
		Debug|Any CPU = Debug|Any CPU
		Release|Any CPU = Release|Any CPU
	EndGlobalSection
	GlobalSection(ProjectConfigurationPlatforms) = postSolution
		{B1ECA733-9754-4AF4-90C1-6FCD4F271462}.Debug|Any CPU.ActiveCfg = Debug|Any CPU
		{B1ECA733-9754-4AF4-90C1-6FCD4F271462}.Debug|Any CPU.Build.0 = Debug|Any CPU
		{B1ECA733-9754-4AF4-90C1-6FCD4F271462}.Release|Any CPU.ActiveCfg = Release|Any CPU
		{B1ECA733-9754-4AF4-90C1-6FCD4F271462}.Release|Any CPU.Build.0 = Release|Any CPU
		{DAF9129B-9B5E-4D21-84C1-CF18A8E7F6C0}.Debug|Any CPU.ActiveCfg = Debug|Any CPU
		{DAF9129B-9B5E-4D21-84C1-CF18A8E7F6C0}.Debug|Any CPU.Build.0 = Debug|Any CPU
		{DAF9129B-9B5E-4D21-84C1-CF18A8E7F6C0}.Release|Any CPU.ActiveCfg = Release|Any CPU
		{DAF9129B-9B5E-4D21-84C1-CF18A8E7F6C0}.Release|Any CPU.Build.0 = Release|Any CPU
		{1A25C040-3DFF-4AA0-BD8F-19D78CFCE000}.Debug|Any CPU.ActiveCfg = Debug|Any CPU
		{1A25C040-3DFF-4AA0-BD8F-19D78CFCE000}.Debug|Any CPU.Build.0 = Debug|Any CPU
		{1A25C040-3DFF-4AA0-BD8F-19D78CFCE000}.Release|Any CPU.ActiveCfg = Release|Any CPU
		{1A25C040-3DFF-4AA0-BD8F-19D78CFCE000}.Release|Any CPU.Build.0 = Release|Any CPU
	EndGlobalSection
	GlobalSection(SolutionProperties) = preSolution
		HideSolutionNode = FALSE
	EndGlobalSection
	GlobalSection(ExtensibilityGlobals) = postSolution
		SolutionGuid = {DD1B3170-5CD3-43EA-B10C-41C478D7FD02}
	EndGlobalSection
EndGlobal
